github.com/bradMDev/stoics v0.0.0-20240224014212-6a810adb457d h1:CCJfus5tLewVgnnmxNTbwiJZ+uDEbIrt8lMjmiy3e+o=
github.com/bradMDev/stoics v0.0.0-20240224014212-6a810adb457d/go.mod h1:6xNeloY96SyaTVHL2QNg2mIo+wgscuZzYn1x/wjcOUQ=
github.com/bradMDev/stoics v1.0.0 h1:VHfXrtScxqn7rVYghf5M6dBSColx4ztrbHr3tXsTtoU=
github.com/bradMDev/stoics v1.0.0/go.mod h1:6xNeloY96SyaTVHL2QNg2mIo+wgscuZzYn1x/wjcOUQ=
